// !$*UTF8*$!
{
	archiveVersion = 1;
	classes = {
	};
	objectVersion = 50;
	objects = {

/* Begin PBXBuildFile section */
		6811FCF7245BAB08005ED512 /* AprilSolDay26.swift in Sources */ = {isa = PBXBuildFile; fileRef = 6811FCF6245BAB08005ED512 /* AprilSolDay26.swift */; };
		6811FCF8245BAB29005ED512 /* AprilSolDay26.swift in Sources */ = {isa = PBXBuildFile; fileRef = 6811FCF6245BAB08005ED512 /* AprilSolDay26.swift */; };
		6811FCFA245BAC53005ED512 /* AprilSolDay27.swift in Sources */ = {isa = PBXBuildFile; fileRef = 6811FCF9245BAC53005ED512 /* AprilSolDay27.swift */; };
		6811FCFB245BAC55005ED512 /* AprilSolDay27.swift in Sources */ = {isa = PBXBuildFile; fileRef = 6811FCF9245BAC53005ED512 /* AprilSolDay27.swift */; };
		6811FCFD245BAD93005ED512 /* AprilSolDay28.swift in Sources */ = {isa = PBXBuildFile; fileRef = 6811FCFC245BAD93005ED512 /* AprilSolDay28.swift */; };
		6811FCFE245BAE06005ED512 /* AprilSolDay28.swift in Sources */ = {isa = PBXBuildFile; fileRef = 6811FCFC245BAD93005ED512 /* AprilSolDay28.swift */; };
		6811FD02245CD7D5005ED512 /* SolutionDay29.swift in Sources */ = {isa = PBXBuildFile; fileRef = 6811FD01245CD7D5005ED512 /* SolutionDay29.swift */; };
		6811FD03245CD7D8005ED512 /* SolutionDay29.swift in Sources */ = {isa = PBXBuildFile; fileRef = 6811FD01245CD7D5005ED512 /* SolutionDay29.swift */; };
		6811FD05245CD800005ED512 /* TestsAprilWeek5.swift in Sources */ = {isa = PBXBuildFile; fileRef = 6811FD04245CD800005ED512 /* TestsAprilWeek5.swift */; };
		6811FD07245CD81A005ED512 /* SolutionDay30.swift in Sources */ = {isa = PBXBuildFile; fileRef = 6811FD06245CD81A005ED512 /* SolutionDay30.swift */; };
		6811FD08245CDC19005ED512 /* SolutionDay30.swift in Sources */ = {isa = PBXBuildFile; fileRef = 6811FD06245CD81A005ED512 /* SolutionDay30.swift */; };
		6811FD0B245F9143005ED512 /* TestsMayWeek1.swift in Sources */ = {isa = PBXBuildFile; fileRef = 6811FD0A245F9143005ED512 /* TestsMayWeek1.swift */; };
		6811FD0D245F9441005ED512 /* MaySolDay1.swift in Sources */ = {isa = PBXBuildFile; fileRef = 6811FD0C245F9441005ED512 /* MaySolDay1.swift */; };
		6811FD0E245F9541005ED512 /* MaySolDay1.swift in Sources */ = {isa = PBXBuildFile; fileRef = 6811FD0C245F9441005ED512 /* MaySolDay1.swift */; };
		6811FD10245F95AF005ED512 /* MaySolDay2.swift in Sources */ = {isa = PBXBuildFile; fileRef = 6811FD0F245F95AF005ED512 /* MaySolDay2.swift */; };
		6811FD11245F95FF005ED512 /* MaySolDay2.swift in Sources */ = {isa = PBXBuildFile; fileRef = 6811FD0F245F95AF005ED512 /* MaySolDay2.swift */; };
		6811FD132464CED6005ED512 /* MaySolDay3.swift in Sources */ = {isa = PBXBuildFile; fileRef = 6811FD122464CED6005ED512 /* MaySolDay3.swift */; };
		6811FD152464CEDB005ED512 /* MaySolDay3.swift in Sources */ = {isa = PBXBuildFile; fileRef = 6811FD122464CED6005ED512 /* MaySolDay3.swift */; };
		6811FD172464CEE2005ED512 /* MaySolDay4.swift in Sources */ = {isa = PBXBuildFile; fileRef = 6811FD162464CEE2005ED512 /* MaySolDay4.swift */; };
		6811FD192464CEEA005ED512 /* MaySolDay5.swift in Sources */ = {isa = PBXBuildFile; fileRef = 6811FD182464CEEA005ED512 /* MaySolDay5.swift */; };
		6811FD1A2464D00F005ED512 /* MaySolDay4.swift in Sources */ = {isa = PBXBuildFile; fileRef = 6811FD162464CEE2005ED512 /* MaySolDay4.swift */; };
		6811FD1B2464D011005ED512 /* MaySolDay5.swift in Sources */ = {isa = PBXBuildFile; fileRef = 6811FD182464CEEA005ED512 /* MaySolDay5.swift */; };
		6811FD1D246A6E1F005ED512 /* MaySolDay6.swift in Sources */ = {isa = PBXBuildFile; fileRef = 6811FD1C246A6E1F005ED512 /* MaySolDay6.swift */; };
		6811FD1F246A6E26005ED512 /* MaySolDay7.swift in Sources */ = {isa = PBXBuildFile; fileRef = 6811FD1E246A6E26005ED512 /* MaySolDay7.swift */; };
		6811FD21246A6E99005ED512 /* MaySolDay6.swift in Sources */ = {isa = PBXBuildFile; fileRef = 6811FD1C246A6E1F005ED512 /* MaySolDay6.swift */; };
		6811FD22246A6E9C005ED512 /* MaySolDay7.swift in Sources */ = {isa = PBXBuildFile; fileRef = 6811FD1E246A6E26005ED512 /* MaySolDay7.swift */; };
		6811FD24246E0CED005ED512 /* MaySolDay14.swift in Sources */ = {isa = PBXBuildFile; fileRef = 6811FD23246E0CED005ED512 /* MaySolDay14.swift */; };
		6811FD25246E0CF0005ED512 /* MaySolDay14.swift in Sources */ = {isa = PBXBuildFile; fileRef = 6811FD23246E0CED005ED512 /* MaySolDay14.swift */; };
		6811FD27246E0D7F005ED512 /* TestsMayWeek2.swift in Sources */ = {isa = PBXBuildFile; fileRef = 6811FD26246E0D7F005ED512 /* TestsMayWeek2.swift */; };
		682ED1D7245729C7004DF36D /* AprilSolDay22.swift in Sources */ = {isa = PBXBuildFile; fileRef = 682ED1D6245729C7004DF36D /* AprilSolDay22.swift */; };
		682ED1DB245729EB004DF36D /* TestsAprilWeek4.swift in Sources */ = {isa = PBXBuildFile; fileRef = 682ED1DA245729EB004DF36D /* TestsAprilWeek4.swift */; };
		682ED1DC245729F7004DF36D /* AprilSolDay22.swift in Sources */ = {isa = PBXBuildFile; fileRef = 682ED1D6245729C7004DF36D /* AprilSolDay22.swift */; };
		682ED1DE24572CE5004DF36D /* AprilSolDay23.swift in Sources */ = {isa = PBXBuildFile; fileRef = 682ED1DD24572CE5004DF36D /* AprilSolDay23.swift */; };
		682ED1E024572D2F004DF36D /* AprilSolDay24.swift in Sources */ = {isa = PBXBuildFile; fileRef = 682ED1DF24572D2F004DF36D /* AprilSolDay24.swift */; };
		682ED1E124572D32004DF36D /* AprilSolDay23.swift in Sources */ = {isa = PBXBuildFile; fileRef = 682ED1DD24572CE5004DF36D /* AprilSolDay23.swift */; };
		682ED1E224572D34004DF36D /* AprilSolDay24.swift in Sources */ = {isa = PBXBuildFile; fileRef = 682ED1DF24572D2F004DF36D /* AprilSolDay24.swift */; };
		682ED1E424572D3B004DF36D /* AprilSolDay25.swift in Sources */ = {isa = PBXBuildFile; fileRef = 682ED1E324572D3B004DF36D /* AprilSolDay25.swift */; };
		682ED1E524572D3D004DF36D /* AprilSolDay25.swift in Sources */ = {isa = PBXBuildFile; fileRef = 682ED1E324572D3B004DF36D /* AprilSolDay25.swift */; };
		68624CEA244EAF7B0045B06C /* AprilSolDay15.swift in Sources */ = {isa = PBXBuildFile; fileRef = 68624CE9244EAF7B0045B06C /* AprilSolDay15.swift */; };
		68624CEB244EAF9B0045B06C /* AprilSolDay15.swift in Sources */ = {isa = PBXBuildFile; fileRef = 68624CE9244EAF7B0045B06C /* AprilSolDay15.swift */; };
		68624CED244EAFB50045B06C /* TestsAprilWeek3.swift in Sources */ = {isa = PBXBuildFile; fileRef = 68624CEC244EAFB50045B06C /* TestsAprilWeek3.swift */; };
		68624CEF244EB06A0045B06C /* AprilSolDay16.swift in Sources */ = {isa = PBXBuildFile; fileRef = 68624CEE244EB06A0045B06C /* AprilSolDay16.swift */; };
		68624CF0244EB06D0045B06C /* AprilSolDay16.swift in Sources */ = {isa = PBXBuildFile; fileRef = 68624CEE244EB06A0045B06C /* AprilSolDay16.swift */; };
		68624CF2244FC9070045B06C /* AprilSolDay17.swift in Sources */ = {isa = PBXBuildFile; fileRef = 68624CF1244FC9070045B06C /* AprilSolDay17.swift */; };
		68624CF3244FC9FD0045B06C /* AprilSolDay17.swift in Sources */ = {isa = PBXBuildFile; fileRef = 68624CF1244FC9070045B06C /* AprilSolDay17.swift */; };
		68624CF5244FCC4B0045B06C /* AprilSolDay18.swift in Sources */ = {isa = PBXBuildFile; fileRef = 68624CF4244FCC4B0045B06C /* AprilSolDay18.swift */; };
		68624CF6244FCC7D0045B06C /* AprilSolDay18.swift in Sources */ = {isa = PBXBuildFile; fileRef = 68624CF4244FCC4B0045B06C /* AprilSolDay18.swift */; };
		68624CF8244FCD9B0045B06C /* AprilSolDay19.swift in Sources */ = {isa = PBXBuildFile; fileRef = 68624CF7244FCD9B0045B06C /* AprilSolDay19.swift */; };
		68624CF9244FCDFB0045B06C /* AprilSolDay19.swift in Sources */ = {isa = PBXBuildFile; fileRef = 68624CF7244FCD9B0045B06C /* AprilSolDay19.swift */; };
		68624CFB24500B970045B06C /* AprilSolDay20.swift in Sources */ = {isa = PBXBuildFile; fileRef = 68624CFA24500B970045B06C /* AprilSolDay20.swift */; };
		68624CFD24500B9F0045B06C /* AprilSolDay21.swift in Sources */ = {isa = PBXBuildFile; fileRef = 68624CFC24500B9F0045B06C /* AprilSolDay21.swift */; };
		68624CFE24500BA60045B06C /* AprilSolDay21.swift in Sources */ = {isa = PBXBuildFile; fileRef = 68624CFC24500B9F0045B06C /* AprilSolDay21.swift */; };
		68624CFF24500BA80045B06C /* AprilSolDay20.swift in Sources */ = {isa = PBXBuildFile; fileRef = 68624CFA24500B970045B06C /* AprilSolDay20.swift */; };
		6887B09B2477897E00FA2F48 /* MaySolDay8.swift in Sources */ = {isa = PBXBuildFile; fileRef = 6887B09A2477897E00FA2F48 /* MaySolDay8.swift */; };
		6887B09D2477898700FA2F48 /* MaySolDay9.swift in Sources */ = {isa = PBXBuildFile; fileRef = 6887B09C2477898700FA2F48 /* MaySolDay9.swift */; };
		6887B09F2477898F00FA2F48 /* MaySolDay10.swift in Sources */ = {isa = PBXBuildFile; fileRef = 6887B09E2477898F00FA2F48 /* MaySolDay10.swift */; };
		6887B0A02477899700FA2F48 /* MaySolDay8.swift in Sources */ = {isa = PBXBuildFile; fileRef = 6887B09A2477897E00FA2F48 /* MaySolDay8.swift */; };
		6887B0A1247789FF00FA2F48 /* MaySolDay10.swift in Sources */ = {isa = PBXBuildFile; fileRef = 6887B09E2477898F00FA2F48 /* MaySolDay10.swift */; };
		6887B0A224778A0400FA2F48 /* MaySolDay9.swift in Sources */ = {isa = PBXBuildFile; fileRef = 6887B09C2477898700FA2F48 /* MaySolDay9.swift */; };
		68D042B5244533BD0086E311 /* main.swift in Sources */ = {isa = PBXBuildFile; fileRef = 68D042B4244533BD0086E311 /* main.swift */; };
		68D042D8244680980086E311 /* AprilSolDay1.swift in Sources */ = {isa = PBXBuildFile; fileRef = 68D042C02446723D0086E311 /* AprilSolDay1.swift */; };
		68D04313244683CE0086E311 /* AprilSolDay1.swift in Sources */ = {isa = PBXBuildFile; fileRef = 68D042C02446723D0086E311 /* AprilSolDay1.swift */; };
		68D043152446841F0086E311 /* TestsAprilWeek1.swift in Sources */ = {isa = PBXBuildFile; fileRef = 68D043142446841F0086E311 /* TestsAprilWeek1.swift */; };
		68D04317244684E50086E311 /* AprilSolDay2.swift in Sources */ = {isa = PBXBuildFile; fileRef = 68D04316244684E50086E311 /* AprilSolDay2.swift */; };
		68D043182446852E0086E311 /* AprilSolDay2.swift in Sources */ = {isa = PBXBuildFile; fileRef = 68D04316244684E50086E311 /* AprilSolDay2.swift */; };
		68D0431A244687920086E311 /* AprilSolDay3.swift in Sources */ = {isa = PBXBuildFile; fileRef = 68D04319244687920086E311 /* AprilSolDay3.swift */; };
		68D0431B2446887B0086E311 /* AprilSolDay3.swift in Sources */ = {isa = PBXBuildFile; fileRef = 68D04319244687920086E311 /* AprilSolDay3.swift */; };
		68D0431D24468A120086E311 /* AprilSolDay4.swift in Sources */ = {isa = PBXBuildFile; fileRef = 68D0431C24468A120086E311 /* AprilSolDay4.swift */; };
		68D0431E24468A220086E311 /* AprilSolDay4.swift in Sources */ = {isa = PBXBuildFile; fileRef = 68D0431C24468A120086E311 /* AprilSolDay4.swift */; };
		68D0432024469A770086E311 /* AprilSolDay5.swift in Sources */ = {isa = PBXBuildFile; fileRef = 68D0431F24469A770086E311 /* AprilSolDay5.swift */; };
		68D0432224469A810086E311 /* AprilSolDay6.swift in Sources */ = {isa = PBXBuildFile; fileRef = 68D0432124469A810086E311 /* AprilSolDay6.swift */; };
		68D0432424469A910086E311 /* AprilSolDay7.swift in Sources */ = {isa = PBXBuildFile; fileRef = 68D0432324469A910086E311 /* AprilSolDay7.swift */; };
		68D0432524469B280086E311 /* AprilSolDay5.swift in Sources */ = {isa = PBXBuildFile; fileRef = 68D0431F24469A770086E311 /* AprilSolDay5.swift */; };
		68D0432624469BEA0086E311 /* AprilSolDay6.swift in Sources */ = {isa = PBXBuildFile; fileRef = 68D0432124469A810086E311 /* AprilSolDay6.swift */; };
		68D0432824469CCB0086E311 /* TestExtensions.swift in Sources */ = {isa = PBXBuildFile; fileRef = 68D0432724469CCB0086E311 /* TestExtensions.swift */; };
		68D043292446E3C80086E311 /* AprilSolDay7.swift in Sources */ = {isa = PBXBuildFile; fileRef = 68D0432324469A910086E311 /* AprilSolDay7.swift */; };
		68D0432B244776C50086E311 /* TestsAprilWeek2.swift in Sources */ = {isa = PBXBuildFile; fileRef = 68D0432A244776C50086E311 /* TestsAprilWeek2.swift */; };
		68D0432D244777360086E311 /* AprilSolDay8.swift in Sources */ = {isa = PBXBuildFile; fileRef = 68D0432C244777360086E311 /* AprilSolDay8.swift */; };
		68D04330244777AF0086E311 /* DataModels.swift in Sources */ = {isa = PBXBuildFile; fileRef = 68D0432F244777AF0086E311 /* DataModels.swift */; };
		68D043322447780E0086E311 /* Extensions.swift in Sources */ = {isa = PBXBuildFile; fileRef = 68D043312447780E0086E311 /* Extensions.swift */; };
		68D0433324477A590086E311 /* Extensions.swift in Sources */ = {isa = PBXBuildFile; fileRef = 68D043312447780E0086E311 /* Extensions.swift */; };
		68D0433424477A5C0086E311 /* DataModels.swift in Sources */ = {isa = PBXBuildFile; fileRef = 68D0432F244777AF0086E311 /* DataModels.swift */; };
		68D0433524477A600086E311 /* AprilSolDay8.swift in Sources */ = {isa = PBXBuildFile; fileRef = 68D0432C244777360086E311 /* AprilSolDay8.swift */; };
		68D043372447803E0086E311 /* AprilSolDay9.swift in Sources */ = {isa = PBXBuildFile; fileRef = 68D043362447803E0086E311 /* AprilSolDay9.swift */; };
		68D04338244780CB0086E311 /* AprilSolDay9.swift in Sources */ = {isa = PBXBuildFile; fileRef = 68D043362447803E0086E311 /* AprilSolDay9.swift */; };
		68D0433A244781FC0086E311 /* AprilSolDay10.swift in Sources */ = {isa = PBXBuildFile; fileRef = 68D04339244781FC0086E311 /* AprilSolDay10.swift */; };
		68D0433B2447830C0086E311 /* AprilSolDay10.swift in Sources */ = {isa = PBXBuildFile; fileRef = 68D04339244781FC0086E311 /* AprilSolDay10.swift */; };
		68D0433D244789960086E311 /* AprilSolDay11.swift in Sources */ = {isa = PBXBuildFile; fileRef = 68D0433C244789960086E311 /* AprilSolDay11.swift */; };
		68D0433E24478DE90086E311 /* AprilSolDay11.swift in Sources */ = {isa = PBXBuildFile; fileRef = 68D0433C244789960086E311 /* AprilSolDay11.swift */; };
		68D043402447D6530086E311 /* AprilSolDay12.swift in Sources */ = {isa = PBXBuildFile; fileRef = 68D0433F2447D6530086E311 /* AprilSolDay12.swift */; };
		68D043422447D65A0086E311 /* AprilSolDay13.swift in Sources */ = {isa = PBXBuildFile; fileRef = 68D043412447D65A0086E311 /* AprilSolDay13.swift */; };
		68D043442447D6620086E311 /* AprilSolDay14.swift in Sources */ = {isa = PBXBuildFile; fileRef = 68D043432447D6620086E311 /* AprilSolDay14.swift */; };
		68D043452447D9740086E311 /* AprilSolDay12.swift in Sources */ = {isa = PBXBuildFile; fileRef = 68D0433F2447D6530086E311 /* AprilSolDay12.swift */; };
		68D043462447DBC60086E311 /* AprilSolDay13.swift in Sources */ = {isa = PBXBuildFile; fileRef = 68D043412447D65A0086E311 /* AprilSolDay13.swift */; };
		68D043472447DD180086E311 /* AprilSolDay14.swift in Sources */ = {isa = PBXBuildFile; fileRef = 68D043432447D6620086E311 /* AprilSolDay14.swift */; };
/* End PBXBuildFile section */

/* Begin PBXCopyFilesBuildPhase section */
		68D042AF244533BD0086E311 /* CopyFiles */ = {
			isa = PBXCopyFilesBuildPhase;
			buildActionMask = 2147483647;
			dstPath = /usr/share/man/man1/;
			dstSubfolderSpec = 0;
			files = (
			);
			runOnlyForDeploymentPostprocessing = 1;
		};
/* End PBXCopyFilesBuildPhase section */

/* Begin PBXFileReference section */
		6811FCF6245BAB08005ED512 /* AprilSolDay26.swift */ = {isa = PBXFileReference; lastKnownFileType = sourcecode.swift; path = AprilSolDay26.swift; sourceTree = "<group>"; };
		6811FCF9245BAC53005ED512 /* AprilSolDay27.swift */ = {isa = PBXFileReference; lastKnownFileType = sourcecode.swift; path = AprilSolDay27.swift; sourceTree = "<group>"; };
		6811FCFC245BAD93005ED512 /* AprilSolDay28.swift */ = {isa = PBXFileReference; lastKnownFileType = sourcecode.swift; path = AprilSolDay28.swift; sourceTree = "<group>"; };
		6811FD01245CD7D5005ED512 /* SolutionDay29.swift */ = {isa = PBXFileReference; lastKnownFileType = sourcecode.swift; path = SolutionDay29.swift; sourceTree = "<group>"; };
		6811FD04245CD800005ED512 /* TestsAprilWeek5.swift */ = {isa = PBXFileReference; lastKnownFileType = sourcecode.swift; path = TestsAprilWeek5.swift; sourceTree = "<group>"; };
		6811FD06245CD81A005ED512 /* SolutionDay30.swift */ = {isa = PBXFileReference; lastKnownFileType = sourcecode.swift; path = SolutionDay30.swift; sourceTree = "<group>"; };
		6811FD0A245F9143005ED512 /* TestsMayWeek1.swift */ = {isa = PBXFileReference; lastKnownFileType = sourcecode.swift; path = TestsMayWeek1.swift; sourceTree = "<group>"; };
		6811FD0C245F9441005ED512 /* MaySolDay1.swift */ = {isa = PBXFileReference; lastKnownFileType = sourcecode.swift; path = MaySolDay1.swift; sourceTree = "<group>"; };
		6811FD0F245F95AF005ED512 /* MaySolDay2.swift */ = {isa = PBXFileReference; lastKnownFileType = sourcecode.swift; path = MaySolDay2.swift; sourceTree = "<group>"; };
		6811FD122464CED6005ED512 /* MaySolDay3.swift */ = {isa = PBXFileReference; lastKnownFileType = sourcecode.swift; path = MaySolDay3.swift; sourceTree = "<group>"; };
		6811FD162464CEE2005ED512 /* MaySolDay4.swift */ = {isa = PBXFileReference; lastKnownFileType = sourcecode.swift; path = MaySolDay4.swift; sourceTree = "<group>"; };
		6811FD182464CEEA005ED512 /* MaySolDay5.swift */ = {isa = PBXFileReference; lastKnownFileType = sourcecode.swift; path = MaySolDay5.swift; sourceTree = "<group>"; };
		6811FD1C246A6E1F005ED512 /* MaySolDay6.swift */ = {isa = PBXFileReference; lastKnownFileType = sourcecode.swift; path = MaySolDay6.swift; sourceTree = "<group>"; };
		6811FD1E246A6E26005ED512 /* MaySolDay7.swift */ = {isa = PBXFileReference; lastKnownFileType = sourcecode.swift; path = MaySolDay7.swift; sourceTree = "<group>"; };
		6811FD23246E0CED005ED512 /* MaySolDay14.swift */ = {isa = PBXFileReference; lastKnownFileType = sourcecode.swift; path = MaySolDay14.swift; sourceTree = "<group>"; };
		6811FD26246E0D7F005ED512 /* TestsMayWeek2.swift */ = {isa = PBXFileReference; lastKnownFileType = sourcecode.swift; path = TestsMayWeek2.swift; sourceTree = "<group>"; };
		682ED1D6245729C7004DF36D /* AprilSolDay22.swift */ = {isa = PBXFileReference; lastKnownFileType = sourcecode.swift; path = AprilSolDay22.swift; sourceTree = "<group>"; };
		682ED1DA245729EB004DF36D /* TestsAprilWeek4.swift */ = {isa = PBXFileReference; lastKnownFileType = sourcecode.swift; path = TestsAprilWeek4.swift; sourceTree = "<group>"; };
		682ED1DD24572CE5004DF36D /* AprilSolDay23.swift */ = {isa = PBXFileReference; lastKnownFileType = sourcecode.swift; path = AprilSolDay23.swift; sourceTree = "<group>"; };
		682ED1DF24572D2F004DF36D /* AprilSolDay24.swift */ = {isa = PBXFileReference; lastKnownFileType = sourcecode.swift; path = AprilSolDay24.swift; sourceTree = "<group>"; };
		682ED1E324572D3B004DF36D /* AprilSolDay25.swift */ = {isa = PBXFileReference; lastKnownFileType = sourcecode.swift; path = AprilSolDay25.swift; sourceTree = "<group>"; };
		68624CE9244EAF7B0045B06C /* AprilSolDay15.swift */ = {isa = PBXFileReference; lastKnownFileType = sourcecode.swift; path = AprilSolDay15.swift; sourceTree = "<group>"; };
		68624CEC244EAFB50045B06C /* TestsAprilWeek3.swift */ = {isa = PBXFileReference; lastKnownFileType = sourcecode.swift; path = TestsAprilWeek3.swift; sourceTree = "<group>"; };
		68624CEE244EB06A0045B06C /* AprilSolDay16.swift */ = {isa = PBXFileReference; lastKnownFileType = sourcecode.swift; path = AprilSolDay16.swift; sourceTree = "<group>"; };
		68624CF1244FC9070045B06C /* AprilSolDay17.swift */ = {isa = PBXFileReference; lastKnownFileType = sourcecode.swift; path = AprilSolDay17.swift; sourceTree = "<group>"; };
		68624CF4244FCC4B0045B06C /* AprilSolDay18.swift */ = {isa = PBXFileReference; lastKnownFileType = sourcecode.swift; path = AprilSolDay18.swift; sourceTree = "<group>"; };
		68624CF7244FCD9B0045B06C /* AprilSolDay19.swift */ = {isa = PBXFileReference; lastKnownFileType = sourcecode.swift; path = AprilSolDay19.swift; sourceTree = "<group>"; };
		68624CFA24500B970045B06C /* AprilSolDay20.swift */ = {isa = PBXFileReference; lastKnownFileType = sourcecode.swift; path = AprilSolDay20.swift; sourceTree = "<group>"; };
		68624CFC24500B9F0045B06C /* AprilSolDay21.swift */ = {isa = PBXFileReference; lastKnownFileType = sourcecode.swift; path = AprilSolDay21.swift; sourceTree = "<group>"; };
		6887B09A2477897E00FA2F48 /* MaySolDay8.swift */ = {isa = PBXFileReference; lastKnownFileType = sourcecode.swift; path = MaySolDay8.swift; sourceTree = "<group>"; };
		6887B09C2477898700FA2F48 /* MaySolDay9.swift */ = {isa = PBXFileReference; lastKnownFileType = sourcecode.swift; path = MaySolDay9.swift; sourceTree = "<group>"; };
		6887B09E2477898F00FA2F48 /* MaySolDay10.swift */ = {isa = PBXFileReference; lastKnownFileType = sourcecode.swift; path = MaySolDay10.swift; sourceTree = "<group>"; };
		68D042B1244533BD0086E311 /* LeetCodeChallenge */ = {isa = PBXFileReference; explicitFileType = "compiled.mach-o.executable"; includeInIndex = 0; path = LeetCodeChallenge; sourceTree = BUILT_PRODUCTS_DIR; };
		68D042B4244533BD0086E311 /* main.swift */ = {isa = PBXFileReference; lastKnownFileType = sourcecode.swift; path = main.swift; sourceTree = "<group>"; };
		68D042C02446723D0086E311 /* AprilSolDay1.swift */ = {isa = PBXFileReference; lastKnownFileType = sourcecode.swift; path = AprilSolDay1.swift; sourceTree = "<group>"; };
		68D0430B2446832D0086E311 /* ChallengeTests.xctest */ = {isa = PBXFileReference; explicitFileType = wrapper.cfbundle; includeInIndex = 0; path = ChallengeTests.xctest; sourceTree = BUILT_PRODUCTS_DIR; };
		68D0430F2446832D0086E311 /* Info.plist */ = {isa = PBXFileReference; lastKnownFileType = text.plist.xml; path = Info.plist; sourceTree = "<group>"; };
		68D043142446841F0086E311 /* TestsAprilWeek1.swift */ = {isa = PBXFileReference; lastKnownFileType = sourcecode.swift; path = TestsAprilWeek1.swift; sourceTree = "<group>"; };
		68D04316244684E50086E311 /* AprilSolDay2.swift */ = {isa = PBXFileReference; lastKnownFileType = sourcecode.swift; path = AprilSolDay2.swift; sourceTree = "<group>"; };
		68D04319244687920086E311 /* AprilSolDay3.swift */ = {isa = PBXFileReference; lastKnownFileType = sourcecode.swift; path = AprilSolDay3.swift; sourceTree = "<group>"; };
		68D0431C24468A120086E311 /* AprilSolDay4.swift */ = {isa = PBXFileReference; lastKnownFileType = sourcecode.swift; path = AprilSolDay4.swift; sourceTree = "<group>"; };
		68D0431F24469A770086E311 /* AprilSolDay5.swift */ = {isa = PBXFileReference; lastKnownFileType = sourcecode.swift; path = AprilSolDay5.swift; sourceTree = "<group>"; };
		68D0432124469A810086E311 /* AprilSolDay6.swift */ = {isa = PBXFileReference; lastKnownFileType = sourcecode.swift; path = AprilSolDay6.swift; sourceTree = "<group>"; };
		68D0432324469A910086E311 /* AprilSolDay7.swift */ = {isa = PBXFileReference; lastKnownFileType = sourcecode.swift; path = AprilSolDay7.swift; sourceTree = "<group>"; };
		68D0432724469CCB0086E311 /* TestExtensions.swift */ = {isa = PBXFileReference; lastKnownFileType = sourcecode.swift; path = TestExtensions.swift; sourceTree = "<group>"; };
		68D0432A244776C50086E311 /* TestsAprilWeek2.swift */ = {isa = PBXFileReference; lastKnownFileType = sourcecode.swift; path = TestsAprilWeek2.swift; sourceTree = "<group>"; };
		68D0432C244777360086E311 /* AprilSolDay8.swift */ = {isa = PBXFileReference; lastKnownFileType = sourcecode.swift; path = AprilSolDay8.swift; sourceTree = "<group>"; };
		68D0432F244777AF0086E311 /* DataModels.swift */ = {isa = PBXFileReference; lastKnownFileType = sourcecode.swift; path = DataModels.swift; sourceTree = "<group>"; };
		68D043312447780E0086E311 /* Extensions.swift */ = {isa = PBXFileReference; lastKnownFileType = sourcecode.swift; path = Extensions.swift; sourceTree = "<group>"; };
		68D043362447803E0086E311 /* AprilSolDay9.swift */ = {isa = PBXFileReference; lastKnownFileType = sourcecode.swift; path = AprilSolDay9.swift; sourceTree = "<group>"; };
		68D04339244781FC0086E311 /* AprilSolDay10.swift */ = {isa = PBXFileReference; lastKnownFileType = sourcecode.swift; path = AprilSolDay10.swift; sourceTree = "<group>"; };
		68D0433C244789960086E311 /* AprilSolDay11.swift */ = {isa = PBXFileReference; lastKnownFileType = sourcecode.swift; path = AprilSolDay11.swift; sourceTree = "<group>"; };
		68D0433F2447D6530086E311 /* AprilSolDay12.swift */ = {isa = PBXFileReference; lastKnownFileType = sourcecode.swift; path = AprilSolDay12.swift; sourceTree = "<group>"; };
		68D043412447D65A0086E311 /* AprilSolDay13.swift */ = {isa = PBXFileReference; lastKnownFileType = sourcecode.swift; path = AprilSolDay13.swift; sourceTree = "<group>"; };
		68D043432447D6620086E311 /* AprilSolDay14.swift */ = {isa = PBXFileReference; lastKnownFileType = sourcecode.swift; path = AprilSolDay14.swift; sourceTree = "<group>"; };
/* End PBXFileReference section */

/* Begin PBXFrameworksBuildPhase section */
		68D042AE244533BD0086E311 /* Frameworks */ = {
			isa = PBXFrameworksBuildPhase;
			buildActionMask = 2147483647;
			files = (
			);
			runOnlyForDeploymentPostprocessing = 0;
		};
		68D043082446832D0086E311 /* Frameworks */ = {
			isa = PBXFrameworksBuildPhase;
			buildActionMask = 2147483647;
			files = (
			);
			runOnlyForDeploymentPostprocessing = 0;
		};
/* End PBXFrameworksBuildPhase section */

/* Begin PBXGroup section */
		6811FD09245F90FC005ED512 /* MayWeek1 */ = {
			isa = PBXGroup;
			children = (
				6811FD0C245F9441005ED512 /* MaySolDay1.swift */,
				6811FD0F245F95AF005ED512 /* MaySolDay2.swift */,
				6811FD122464CED6005ED512 /* MaySolDay3.swift */,
				6811FD162464CEE2005ED512 /* MaySolDay4.swift */,
				6811FD182464CEEA005ED512 /* MaySolDay5.swift */,
				6811FD1C246A6E1F005ED512 /* MaySolDay6.swift */,
				6811FD1E246A6E26005ED512 /* MaySolDay7.swift */,
			);
			path = MayWeek1;
			sourceTree = "<group>";
		};
		6811FD20246A6E2C005ED512 /* MayWeek2 */ = {
			isa = PBXGroup;
			children = (
				6887B09A2477897E00FA2F48 /* MaySolDay8.swift */,
				6887B09C2477898700FA2F48 /* MaySolDay9.swift */,
				6887B09E2477898F00FA2F48 /* MaySolDay10.swift */,
				6811FD23246E0CED005ED512 /* MaySolDay14.swift */,
			);
			path = MayWeek2;
			sourceTree = "<group>";
		};
		68D042A8244533BD0086E311 = {
			isa = PBXGroup;
			children = (
				68D042B3244533BD0086E311 /* LeetCodeChallenge */,
				68D0430C2446832D0086E311 /* ChallengeTests */,
				68D042B2244533BD0086E311 /* Products */,
			);
			sourceTree = "<group>";
		};
		68D042B2244533BD0086E311 /* Products */ = {
			isa = PBXGroup;
			children = (
				68D042B1244533BD0086E311 /* LeetCodeChallenge */,
				68D0430B2446832D0086E311 /* ChallengeTests.xctest */,
			);
			name = Products;
			sourceTree = "<group>";
		};
		68D042B3244533BD0086E311 /* LeetCodeChallenge */ = {
			isa = PBXGroup;
			children = (
				68D042B4244533BD0086E311 /* main.swift */,
				68D0432E2447776F0086E311 /* Shared */,
				68D042BB244533E00086E311 /* AprilWeek1 */,
				68D042BC244534010086E311 /* AprilWeek2 */,
				68D042BD244534050086E311 /* AprilWeek3 */,
				68D042BE244534090086E311 /* AprilWeek4 */,
				68D042BF2445342D0086E311 /* AprilWeek5 */,
				6811FD09245F90FC005ED512 /* MayWeek1 */,
				6811FD20246A6E2C005ED512 /* MayWeek2 */,
			);
			path = LeetCodeChallenge;
			sourceTree = "<group>";
		};
		68D042BB244533E00086E311 /* AprilWeek1 */ = {
			isa = PBXGroup;
			children = (
				68D042C02446723D0086E311 /* AprilSolDay1.swift */,
				68D04316244684E50086E311 /* AprilSolDay2.swift */,
				68D04319244687920086E311 /* AprilSolDay3.swift */,
				68D0431C24468A120086E311 /* AprilSolDay4.swift */,
				68D0431F24469A770086E311 /* AprilSolDay5.swift */,
				68D0432124469A810086E311 /* AprilSolDay6.swift */,
				68D0432324469A910086E311 /* AprilSolDay7.swift */,
			);
			path = AprilWeek1;
			sourceTree = "<group>";
		};
		68D042BC244534010086E311 /* AprilWeek2 */ = {
			isa = PBXGroup;
			children = (
				68D0432C244777360086E311 /* AprilSolDay8.swift */,
				68D043362447803E0086E311 /* AprilSolDay9.swift */,
				68D04339244781FC0086E311 /* AprilSolDay10.swift */,
				68D0433C244789960086E311 /* AprilSolDay11.swift */,
				68D0433F2447D6530086E311 /* AprilSolDay12.swift */,
				68D043412447D65A0086E311 /* AprilSolDay13.swift */,
				68D043432447D6620086E311 /* AprilSolDay14.swift */,
			);
			path = AprilWeek2;
			sourceTree = "<group>";
		};
		68D042BD244534050086E311 /* AprilWeek3 */ = {
			isa = PBXGroup;
			children = (
				68624CE9244EAF7B0045B06C /* AprilSolDay15.swift */,
				68624CEE244EB06A0045B06C /* AprilSolDay16.swift */,
				68624CF1244FC9070045B06C /* AprilSolDay17.swift */,
				68624CF4244FCC4B0045B06C /* AprilSolDay18.swift */,
				68624CF7244FCD9B0045B06C /* AprilSolDay19.swift */,
				68624CFA24500B970045B06C /* AprilSolDay20.swift */,
				68624CFC24500B9F0045B06C /* AprilSolDay21.swift */,
			);
			path = AprilWeek3;
			sourceTree = "<group>";
		};
		68D042BE244534090086E311 /* AprilWeek4 */ = {
			isa = PBXGroup;
			children = (
				682ED1D6245729C7004DF36D /* AprilSolDay22.swift */,
				682ED1DD24572CE5004DF36D /* AprilSolDay23.swift */,
				682ED1DF24572D2F004DF36D /* AprilSolDay24.swift */,
				682ED1E324572D3B004DF36D /* AprilSolDay25.swift */,
				6811FCF6245BAB08005ED512 /* AprilSolDay26.swift */,
				6811FCF9245BAC53005ED512 /* AprilSolDay27.swift */,
				6811FCFC245BAD93005ED512 /* AprilSolDay28.swift */,
			);
			path = AprilWeek4;
			sourceTree = "<group>";
		};
		68D042BF2445342D0086E311 /* AprilWeek5 */ = {
			isa = PBXGroup;
			children = (
				6811FD01245CD7D5005ED512 /* SolutionDay29.swift */,
				6811FD06245CD81A005ED512 /* SolutionDay30.swift */,
			);
			path = AprilWeek5;
			sourceTree = "<group>";
		};
		68D0430C2446832D0086E311 /* ChallengeTests */ = {
			isa = PBXGroup;
			children = (
				68D043142446841F0086E311 /* TestsAprilWeek1.swift */,
				68D0432A244776C50086E311 /* TestsAprilWeek2.swift */,
				68624CEC244EAFB50045B06C /* TestsAprilWeek3.swift */,
				682ED1DA245729EB004DF36D /* TestsAprilWeek4.swift */,
				6811FD04245CD800005ED512 /* TestsAprilWeek5.swift */,
				6811FD0A245F9143005ED512 /* TestsMayWeek1.swift */,
				6811FD26246E0D7F005ED512 /* TestsMayWeek2.swift */,
				68D0432724469CCB0086E311 /* TestExtensions.swift */,
				68D0430F2446832D0086E311 /* Info.plist */,
			);
			path = ChallengeTests;
			sourceTree = "<group>";
		};
		68D0432E2447776F0086E311 /* Shared */ = {
			isa = PBXGroup;
			children = (
				68D0432F244777AF0086E311 /* DataModels.swift */,
				68D043312447780E0086E311 /* Extensions.swift */,
			);
			path = Shared;
			sourceTree = "<group>";
		};
/* End PBXGroup section */

/* Begin PBXNativeTarget section */
		68D042B0244533BD0086E311 /* LeetCodeChallenge */ = {
			isa = PBXNativeTarget;
			buildConfigurationList = 68D042B8244533BD0086E311 /* Build configuration list for PBXNativeTarget "LeetCodeChallenge" */;
			buildPhases = (
				68D042AD244533BD0086E311 /* Sources */,
				68D042AE244533BD0086E311 /* Frameworks */,
				68D042AF244533BD0086E311 /* CopyFiles */,
			);
			buildRules = (
			);
			dependencies = (
			);
			name = LeetCodeChallenge;
			productName = LeetCodeChallenge;
			productReference = 68D042B1244533BD0086E311 /* LeetCodeChallenge */;
			productType = "com.apple.product-type.tool";
		};
		68D0430A2446832D0086E311 /* ChallengeTests */ = {
			isa = PBXNativeTarget;
			buildConfigurationList = 68D043102446832D0086E311 /* Build configuration list for PBXNativeTarget "ChallengeTests" */;
			buildPhases = (
				68D043072446832D0086E311 /* Sources */,
				68D043082446832D0086E311 /* Frameworks */,
				68D043092446832D0086E311 /* Resources */,
			);
			buildRules = (
			);
			dependencies = (
			);
			name = ChallengeTests;
			productName = ChallengeTests;
			productReference = 68D0430B2446832D0086E311 /* ChallengeTests.xctest */;
			productType = "com.apple.product-type.bundle.unit-test";
		};
/* End PBXNativeTarget section */

/* Begin PBXProject section */
		68D042A9244533BD0086E311 /* Project object */ = {
			isa = PBXProject;
			attributes = {
				LastSwiftUpdateCheck = 1140;
				LastUpgradeCheck = 1140;
				ORGANIZATIONNAME = "Michael Ho";
				TargetAttributes = {
					68D042B0244533BD0086E311 = {
						CreatedOnToolsVersion = 11.4;
					};
					68D0430A2446832D0086E311 = {
						CreatedOnToolsVersion = 11.4;
					};
				};
			};
			buildConfigurationList = 68D042AC244533BD0086E311 /* Build configuration list for PBXProject "LeetCodeChallenge" */;
			compatibilityVersion = "Xcode 9.3";
			developmentRegion = en;
			hasScannedForEncodings = 0;
			knownRegions = (
				en,
				Base,
			);
			mainGroup = 68D042A8244533BD0086E311;
			productRefGroup = 68D042B2244533BD0086E311 /* Products */;
			projectDirPath = "";
			projectRoot = "";
			targets = (
				68D042B0244533BD0086E311 /* LeetCodeChallenge */,
				68D0430A2446832D0086E311 /* ChallengeTests */,
			);
		};
/* End PBXProject section */

/* Begin PBXResourcesBuildPhase section */
		68D043092446832D0086E311 /* Resources */ = {
			isa = PBXResourcesBuildPhase;
			buildActionMask = 2147483647;
			files = (
			);
			runOnlyForDeploymentPostprocessing = 0;
		};
/* End PBXResourcesBuildPhase section */

/* Begin PBXSourcesBuildPhase section */
		68D042AD244533BD0086E311 /* Sources */ = {
			isa = PBXSourcesBuildPhase;
			buildActionMask = 2147483647;
			files = (
				6887B09F2477898F00FA2F48 /* MaySolDay10.swift in Sources */,
				68D043442447D6620086E311 /* AprilSolDay14.swift in Sources */,
				6811FD192464CEEA005ED512 /* MaySolDay5.swift in Sources */,
				68D0431D24468A120086E311 /* AprilSolDay4.swift in Sources */,
				6811FCFA245BAC53005ED512 /* AprilSolDay27.swift in Sources */,
				68D043402447D6530086E311 /* AprilSolDay12.swift in Sources */,
				6811FD1F246A6E26005ED512 /* MaySolDay7.swift in Sources */,
				68D042B5244533BD0086E311 /* main.swift in Sources */,
				68D042D8244680980086E311 /* AprilSolDay1.swift in Sources */,
				6811FCF7245BAB08005ED512 /* AprilSolDay26.swift in Sources */,
				68624CF2244FC9070045B06C /* AprilSolDay17.swift in Sources */,
				6887B09D2477898700FA2F48 /* MaySolDay9.swift in Sources */,
				682ED1E024572D2F004DF36D /* AprilSolDay24.swift in Sources */,
				68D0433D244789960086E311 /* AprilSolDay11.swift in Sources */,
				68D0432224469A810086E311 /* AprilSolDay6.swift in Sources */,
				6811FD0D245F9441005ED512 /* MaySolDay1.swift in Sources */,
				68D04317244684E50086E311 /* AprilSolDay2.swift in Sources */,
				68624CFB24500B970045B06C /* AprilSolDay20.swift in Sources */,
				68D043372447803E0086E311 /* AprilSolDay9.swift in Sources */,
				68D0432D244777360086E311 /* AprilSolDay8.swift in Sources */,
				68624CFD24500B9F0045B06C /* AprilSolDay21.swift in Sources */,
				68624CEF244EB06A0045B06C /* AprilSolDay16.swift in Sources */,
				6811FCFD245BAD93005ED512 /* AprilSolDay28.swift in Sources */,
				682ED1DE24572CE5004DF36D /* AprilSolDay23.swift in Sources */,
				6811FD1D246A6E1F005ED512 /* MaySolDay6.swift in Sources */,
				6811FD24246E0CED005ED512 /* MaySolDay14.swift in Sources */,
				6811FD10245F95AF005ED512 /* MaySolDay2.swift in Sources */,
				6811FD132464CED6005ED512 /* MaySolDay3.swift in Sources */,
				68D0431A244687920086E311 /* AprilSolDay3.swift in Sources */,
				6811FD02245CD7D5005ED512 /* SolutionDay29.swift in Sources */,
				68D04330244777AF0086E311 /* DataModels.swift in Sources */,
				68D0432024469A770086E311 /* AprilSolDay5.swift in Sources */,
				6887B09B2477897E00FA2F48 /* MaySolDay8.swift in Sources */,
				6811FD172464CEE2005ED512 /* MaySolDay4.swift in Sources */,
				68624CF5244FCC4B0045B06C /* AprilSolDay18.swift in Sources */,
				6811FD07245CD81A005ED512 /* SolutionDay30.swift in Sources */,
				682ED1D7245729C7004DF36D /* AprilSolDay22.swift in Sources */,
				68D043322447780E0086E311 /* Extensions.swift in Sources */,
				68D043422447D65A0086E311 /* AprilSolDay13.swift in Sources */,
				68624CEA244EAF7B0045B06C /* AprilSolDay15.swift in Sources */,
				682ED1E424572D3B004DF36D /* AprilSolDay25.swift in Sources */,
				68D0432424469A910086E311 /* AprilSolDay7.swift in Sources */,
				68D0433A244781FC0086E311 /* AprilSolDay10.swift in Sources */,
				68624CF8244FCD9B0045B06C /* AprilSolDay19.swift in Sources */,
			);
			runOnlyForDeploymentPostprocessing = 0;
		};
		68D043072446832D0086E311 /* Sources */ = {
			isa = PBXSourcesBuildPhase;
			buildActionMask = 2147483647;
			files = (
				68D0431E24468A220086E311 /* AprilSolDay4.swift in Sources */,
				682ED1E224572D34004DF36D /* AprilSolDay24.swift in Sources */,
				68624CF9244FCDFB0045B06C /* AprilSolDay19.swift in Sources */,
				6811FD152464CEDB005ED512 /* MaySolDay3.swift in Sources */,
				68D04313244683CE0086E311 /* AprilSolDay1.swift in Sources */,
				68624CF0244EB06D0045B06C /* AprilSolDay16.swift in Sources */,
				6811FD11245F95FF005ED512 /* MaySolDay2.swift in Sources */,
				68D043152446841F0086E311 /* TestsAprilWeek1.swift in Sources */,
				68D0432624469BEA0086E311 /* AprilSolDay6.swift in Sources */,
				6887B0A02477899700FA2F48 /* MaySolDay8.swift in Sources */,
				68D043452447D9740086E311 /* AprilSolDay12.swift in Sources */,
				68D043182446852E0086E311 /* AprilSolDay2.swift in Sources */,
				68D0433B2447830C0086E311 /* AprilSolDay10.swift in Sources */,
				68624CFF24500BA80045B06C /* AprilSolDay20.swift in Sources */,
				68D043472447DD180086E311 /* AprilSolDay14.swift in Sources */,
				68D043292446E3C80086E311 /* AprilSolDay7.swift in Sources */,
				6811FD03245CD7D8005ED512 /* SolutionDay29.swift in Sources */,
				68D0431B2446887B0086E311 /* AprilSolDay3.swift in Sources */,
				6811FD0E245F9541005ED512 /* MaySolDay1.swift in Sources */,
				6811FCFB245BAC55005ED512 /* AprilSolDay27.swift in Sources */,
				6811FD1B2464D011005ED512 /* MaySolDay5.swift in Sources */,
				68624CFE24500BA60045B06C /* AprilSolDay21.swift in Sources */,
				6811FD22246A6E9C005ED512 /* MaySolDay7.swift in Sources */,
				6811FD27246E0D7F005ED512 /* TestsMayWeek2.swift in Sources */,
				6811FD25246E0CF0005ED512 /* MaySolDay14.swift in Sources */,
				6811FD05245CD800005ED512 /* TestsAprilWeek5.swift in Sources */,
				68624CF3244FC9FD0045B06C /* AprilSolDay17.swift in Sources */,
				682ED1E524572D3D004DF36D /* AprilSolDay25.swift in Sources */,
				68D0432524469B280086E311 /* AprilSolDay5.swift in Sources */,
				68624CED244EAFB50045B06C /* TestsAprilWeek3.swift in Sources */,
				6887B0A1247789FF00FA2F48 /* MaySolDay10.swift in Sources */,
				682ED1DC245729F7004DF36D /* AprilSolDay22.swift in Sources */,
				68D0432B244776C50086E311 /* TestsAprilWeek2.swift in Sources */,
				68D043462447DBC60086E311 /* AprilSolDay13.swift in Sources */,
				68D0433424477A5C0086E311 /* DataModels.swift in Sources */,
				6811FD21246A6E99005ED512 /* MaySolDay6.swift in Sources */,
				6887B0A224778A0400FA2F48 /* MaySolDay9.swift in Sources */,
				68D0433E24478DE90086E311 /* AprilSolDay11.swift in Sources */,
				6811FCFE245BAE06005ED512 /* AprilSolDay28.swift in Sources */,
				68624CF6244FCC7D0045B06C /* AprilSolDay18.swift in Sources */,
				682ED1DB245729EB004DF36D /* TestsAprilWeek4.swift in Sources */,
				68D0433524477A600086E311 /* AprilSolDay8.swift in Sources */,
				68D04338244780CB0086E311 /* AprilSolDay9.swift in Sources */,
				682ED1E124572D32004DF36D /* AprilSolDay23.swift in Sources */,
				68D0433324477A590086E311 /* Extensions.swift in Sources */,
				6811FD08245CDC19005ED512 /* SolutionDay30.swift in Sources */,
				68D0432824469CCB0086E311 /* TestExtensions.swift in Sources */,
				6811FD0B245F9143005ED512 /* TestsMayWeek1.swift in Sources */,
				68624CEB244EAF9B0045B06C /* AprilSolDay15.swift in Sources */,
				6811FD1A2464D00F005ED512 /* MaySolDay4.swift in Sources */,
				6811FCF8245BAB29005ED512 /* AprilSolDay26.swift in Sources */,
			);
			runOnlyForDeploymentPostprocessing = 0;
		};
/* End PBXSourcesBuildPhase section */

/* Begin XCBuildConfiguration section */
		68D042B6244533BD0086E311 /* Debug */ = {
			isa = XCBuildConfiguration;
			buildSettings = {
				ALWAYS_SEARCH_USER_PATHS = NO;
				CLANG_ANALYZER_NONNULL = YES;
				CLANG_ANALYZER_NUMBER_OBJECT_CONVERSION = YES_AGGRESSIVE;
				CLANG_CXX_LANGUAGE_STANDARD = "gnu++14";
				CLANG_CXX_LIBRARY = "libc++";
				CLANG_ENABLE_MODULES = YES;
				CLANG_ENABLE_OBJC_ARC = YES;
				CLANG_ENABLE_OBJC_WEAK = YES;
				CLANG_WARN_BLOCK_CAPTURE_AUTORELEASING = YES;
				CLANG_WARN_BOOL_CONVERSION = YES;
				CLANG_WARN_COMMA = YES;
				CLANG_WARN_CONSTANT_CONVERSION = YES;
				CLANG_WARN_DEPRECATED_OBJC_IMPLEMENTATIONS = YES;
				CLANG_WARN_DIRECT_OBJC_ISA_USAGE = YES_ERROR;
				CLANG_WARN_DOCUMENTATION_COMMENTS = YES;
				CLANG_WARN_EMPTY_BODY = YES;
				CLANG_WARN_ENUM_CONVERSION = YES;
				CLANG_WARN_INFINITE_RECURSION = YES;
				CLANG_WARN_INT_CONVERSION = YES;
				CLANG_WARN_NON_LITERAL_NULL_CONVERSION = YES;
				CLANG_WARN_OBJC_IMPLICIT_RETAIN_SELF = YES;
				CLANG_WARN_OBJC_LITERAL_CONVERSION = YES;
				CLANG_WARN_OBJC_ROOT_CLASS = YES_ERROR;
				CLANG_WARN_RANGE_LOOP_ANALYSIS = YES;
				CLANG_WARN_STRICT_PROTOTYPES = YES;
				CLANG_WARN_SUSPICIOUS_MOVE = YES;
				CLANG_WARN_UNGUARDED_AVAILABILITY = YES_AGGRESSIVE;
				CLANG_WARN_UNREACHABLE_CODE = YES;
				CLANG_WARN__DUPLICATE_METHOD_MATCH = YES;
				COPY_PHASE_STRIP = NO;
				DEBUG_INFORMATION_FORMAT = dwarf;
				ENABLE_STRICT_OBJC_MSGSEND = YES;
				ENABLE_TESTABILITY = YES;
				GCC_C_LANGUAGE_STANDARD = gnu11;
				GCC_DYNAMIC_NO_PIC = NO;
				GCC_NO_COMMON_BLOCKS = YES;
				GCC_OPTIMIZATION_LEVEL = 0;
				GCC_PREPROCESSOR_DEFINITIONS = (
					"DEBUG=1",
					"$(inherited)",
				);
				GCC_WARN_64_TO_32_BIT_CONVERSION = YES;
				GCC_WARN_ABOUT_RETURN_TYPE = YES_ERROR;
				GCC_WARN_UNDECLARED_SELECTOR = YES;
				GCC_WARN_UNINITIALIZED_AUTOS = YES_AGGRESSIVE;
				GCC_WARN_UNUSED_FUNCTION = YES;
				GCC_WARN_UNUSED_VARIABLE = YES;
				MACOSX_DEPLOYMENT_TARGET = 10.15;
				MTL_ENABLE_DEBUG_INFO = INCLUDE_SOURCE;
				MTL_FAST_MATH = YES;
				ONLY_ACTIVE_ARCH = YES;
				SDKROOT = macosx;
				SWIFT_ACTIVE_COMPILATION_CONDITIONS = DEBUG;
				SWIFT_OPTIMIZATION_LEVEL = "-Onone";
			};
			name = Debug;
		};
		68D042B7244533BD0086E311 /* Release */ = {
			isa = XCBuildConfiguration;
			buildSettings = {
				ALWAYS_SEARCH_USER_PATHS = NO;
				CLANG_ANALYZER_NONNULL = YES;
				CLANG_ANALYZER_NUMBER_OBJECT_CONVERSION = YES_AGGRESSIVE;
				CLANG_CXX_LANGUAGE_STANDARD = "gnu++14";
				CLANG_CXX_LIBRARY = "libc++";
				CLANG_ENABLE_MODULES = YES;
				CLANG_ENABLE_OBJC_ARC = YES;
				CLANG_ENABLE_OBJC_WEAK = YES;
				CLANG_WARN_BLOCK_CAPTURE_AUTORELEASING = YES;
				CLANG_WARN_BOOL_CONVERSION = YES;
				CLANG_WARN_COMMA = YES;
				CLANG_WARN_CONSTANT_CONVERSION = YES;
				CLANG_WARN_DEPRECATED_OBJC_IMPLEMENTATIONS = YES;
				CLANG_WARN_DIRECT_OBJC_ISA_USAGE = YES_ERROR;
				CLANG_WARN_DOCUMENTATION_COMMENTS = YES;
				CLANG_WARN_EMPTY_BODY = YES;
				CLANG_WARN_ENUM_CONVERSION = YES;
				CLANG_WARN_INFINITE_RECURSION = YES;
				CLANG_WARN_INT_CONVERSION = YES;
				CLANG_WARN_NON_LITERAL_NULL_CONVERSION = YES;
				CLANG_WARN_OBJC_IMPLICIT_RETAIN_SELF = YES;
				CLANG_WARN_OBJC_LITERAL_CONVERSION = YES;
				CLANG_WARN_OBJC_ROOT_CLASS = YES_ERROR;
				CLANG_WARN_RANGE_LOOP_ANALYSIS = YES;
				CLANG_WARN_STRICT_PROTOTYPES = YES;
				CLANG_WARN_SUSPICIOUS_MOVE = YES;
				CLANG_WARN_UNGUARDED_AVAILABILITY = YES_AGGRESSIVE;
				CLANG_WARN_UNREACHABLE_CODE = YES;
				CLANG_WARN__DUPLICATE_METHOD_MATCH = YES;
				COPY_PHASE_STRIP = NO;
				DEBUG_INFORMATION_FORMAT = "dwarf-with-dsym";
				ENABLE_NS_ASSERTIONS = NO;
				ENABLE_STRICT_OBJC_MSGSEND = YES;
				GCC_C_LANGUAGE_STANDARD = gnu11;
				GCC_NO_COMMON_BLOCKS = YES;
				GCC_WARN_64_TO_32_BIT_CONVERSION = YES;
				GCC_WARN_ABOUT_RETURN_TYPE = YES_ERROR;
				GCC_WARN_UNDECLARED_SELECTOR = YES;
				GCC_WARN_UNINITIALIZED_AUTOS = YES_AGGRESSIVE;
				GCC_WARN_UNUSED_FUNCTION = YES;
				GCC_WARN_UNUSED_VARIABLE = YES;
				MACOSX_DEPLOYMENT_TARGET = 10.15;
				MTL_ENABLE_DEBUG_INFO = NO;
				MTL_FAST_MATH = YES;
				SDKROOT = macosx;
				SWIFT_COMPILATION_MODE = wholemodule;
				SWIFT_OPTIMIZATION_LEVEL = "-O";
			};
			name = Release;
		};
		68D042B9244533BD0086E311 /* Debug */ = {
			isa = XCBuildConfiguration;
			buildSettings = {
				CODE_SIGN_STYLE = Manual;
				DEVELOPMENT_TEAM = "";
				PRODUCT_NAME = "$(TARGET_NAME)";
				PROVISIONING_PROFILE_SPECIFIER = "";
				SWIFT_VERSION = 5.0;
			};
			name = Debug;
		};
		68D042BA244533BD0086E311 /* Release */ = {
			isa = XCBuildConfiguration;
			buildSettings = {
				CODE_SIGN_STYLE = Manual;
				DEVELOPMENT_TEAM = "";
				PRODUCT_NAME = "$(TARGET_NAME)";
				PROVISIONING_PROFILE_SPECIFIER = "";
				SWIFT_VERSION = 5.0;
			};
			name = Release;
		};
		68D043112446832D0086E311 /* Debug */ = {
			isa = XCBuildConfiguration;
			buildSettings = {
				CODE_SIGN_STYLE = Automatic;
				COMBINE_HIDPI_IMAGES = YES;
				INFOPLIST_FILE = ChallengeTests/Info.plist;
				LD_RUNPATH_SEARCH_PATHS = (
					"$(inherited)",
					"@executable_path/../Frameworks",
					"@loader_path/../Frameworks",
				);
				PRODUCT_BUNDLE_IDENTIFIER = com.michaelho.ChallengeTests;
				PRODUCT_NAME = "$(TARGET_NAME)";
				SWIFT_VERSION = 5.0;
			};
			name = Debug;
		};
		68D043122446832D0086E311 /* Release */ = {
			isa = XCBuildConfiguration;
			buildSettings = {
				CODE_SIGN_STYLE = Automatic;
				COMBINE_HIDPI_IMAGES = YES;
				INFOPLIST_FILE = ChallengeTests/Info.plist;
				LD_RUNPATH_SEARCH_PATHS = (
					"$(inherited)",
					"@executable_path/../Frameworks",
					"@loader_path/../Frameworks",
				);
				PRODUCT_BUNDLE_IDENTIFIER = com.michaelho.ChallengeTests;
				PRODUCT_NAME = "$(TARGET_NAME)";
				SWIFT_VERSION = 5.0;
			};
			name = Release;
		};
/* End XCBuildConfiguration section */

/* Begin XCConfigurationList section */
		68D042AC244533BD0086E311 /* Build configuration list for PBXProject "LeetCodeChallenge" */ = {
			isa = XCConfigurationList;
			buildConfigurations = (
				68D042B6244533BD0086E311 /* Debug */,
				68D042B7244533BD0086E311 /* Release */,
			);
			defaultConfigurationIsVisible = 0;
			defaultConfigurationName = Release;
		};
		68D042B8244533BD0086E311 /* Build configuration list for PBXNativeTarget "LeetCodeChallenge" */ = {
			isa = XCConfigurationList;
			buildConfigurations = (
				68D042B9244533BD0086E311 /* Debug */,
				68D042BA244533BD0086E311 /* Release */,
			);
			defaultConfigurationIsVisible = 0;
			defaultConfigurationName = Release;
		};
		68D043102446832D0086E311 /* Build configuration list for PBXNativeTarget "ChallengeTests" */ = {
			isa = XCConfigurationList;
			buildConfigurations = (
				68D043112446832D0086E311 /* Debug */,
				68D043122446832D0086E311 /* Release */,
			);
			defaultConfigurationIsVisible = 0;
			defaultConfigurationName = Release;
		};
/* End XCConfigurationList section */
	};
	rootObject = 68D042A9244533BD0086E311 /* Project object */;
}
